
Microsoft Visual Studio Solution File, Format Version 12.00
# Visual Studio Version 17
VisualStudioVersion = 17.5.33627.172
MinimumVisualStudioVersion = 10.0.40219.1
Project("{9A19103F-16F7-4668-BE54-9A1E7A4F7556}") = "SecsGem.NetCore", "SecsGem.NetCore\SecsGem.NetCore.csproj", "{2FE43F5D-A769-4E8F-8A97-F6CF20B1AB15}"
EndProject
Project("{FAE04EC0-301F-11D3-BF4B-00C04F79EFBC}") = "SecsGem.NetCore.Test", "SecsGem.NetCore.Test\SecsGem.NetCore.Test.csproj", "{5155C236-5279-4DBD-8169-6C4B3B522C97}"
EndProject
Global
	GlobalSection(SolutionConfigurationPlatforms) = preSolution
		Debug|Any CPU = Debug|Any CPU
		Debug|x64 = Debug|x64
		Release|Any CPU = Release|Any CPU
		Release|x64 = Release|x64
	EndGlobalSection
	GlobalSection(ProjectConfigurationPlatforms) = postSolution
		{2FE43F5D-A769-4E8F-8A97-F6CF20B1AB15}.Debug|Any CPU.ActiveCfg = Debug|Any CPU
		{2FE43F5D-A769-4E8F-8A97-F6CF20B1AB15}.Debug|Any CPU.Build.0 = Debug|Any CPU
		{2FE43F5D-A769-4E8F-8A97-F6CF20B1AB15}.Debug|x64.ActiveCfg = Debug|x64
		{2FE43F5D-A769-4E8F-8A97-F6CF20B1AB15}.Debug|x64.Build.0 = Debug|x64
		{2FE43F5D-A769-4E8F-8A97-F6CF20B1AB15}.Release|Any CPU.ActiveCfg = Release|Any CPU
		{2FE43F5D-A769-4E8F-8A97-F6CF20B1AB15}.Release|Any CPU.Build.0 = Release|Any CPU
		{2FE43F5D-A769-4E8F-8A97-F6CF20B1AB15}.Release|x64.ActiveCfg = Release|x64
		{2FE43F5D-A769-4E8F-8A97-F6CF20B1AB15}.Release|x64.Build.0 = Release|x64
		{5155C236-5279-4DBD-8169-6C4B3B522C97}.Debug|Any CPU.ActiveCfg = Debug|Any CPU
		{5155C236-5279-4DBD-8169-6C4B3B522C97}.Debug|Any CPU.Build.0 = Debug|Any CPU
		{5155C236-5279-4DBD-8169-6C4B3B522C97}.Debug|x64.ActiveCfg = Debug|Any CPU
		{5155C236-5279-4DBD-8169-6C4B3B522C97}.Debug|x64.Build.0 = Debug|Any CPU
		{5155C236-5279-4DBD-8169-6C4B3B522C97}.Release|Any CPU.ActiveCfg = Release|Any CPU
		{5155C236-5279-4DBD-8169-6C4B3B522C97}.Release|Any CPU.Build.0 = Release|Any CPU
		{5155C236-5279-4DBD-8169-6C4B3B522C97}.Release|x64.ActiveCfg = Release|Any CPU
		{5155C236-5279-4DBD-8169-6C4B3B522C97}.Release|x64.Build.0 = Release|Any CPU
	EndGlobalSection
	GlobalSection(SolutionProperties) = preSolution
		HideSolutionNode = FALSE
	EndGlobalSection
	GlobalSection(ExtensibilityGlobals) = postSolution
		SolutionGuid = {28054866-EF6F-4C6F-B6A7-2B7F725CBAFB}
	EndGlobalSection
EndGlobal
